
Microsoft Visual Studio Solution File, Format Version 12.00
# Visual Studio Version 17
VisualStudioVersion = 17.9.34723.18
MinimumVisualStudioVersion = 10.0.40219.1
Project("{9A19103F-16F7-4668-BE54-9A1E7A4F7556}") = "backas", "backas\backas.csproj", "{D86B719D-91F7-482A-974A-6AF3B78D5409}"
EndProject
Global
	GlobalSection(SolutionConfigurationPlatforms) = preSolution
		Debug|Any CPU = Debug|Any CPU
		Release|Any CPU = Release|Any CPU
	EndGlobalSection
	GlobalSection(ProjectConfigurationPlatforms) = postSolution
		{D86B719D-91F7-482A-974A-6AF3B78D5409}.Debug|Any CPU.ActiveCfg = Debug|Any CPU
		{D86B719D-91F7-482A-974A-6AF3B78D5409}.Debug|Any CPU.Build.0 = Debug|Any CPU
		{D86B719D-91F7-482A-974A-6AF3B78D5409}.Release|Any CPU.ActiveCfg = Release|Any CPU
		{D86B719D-91F7-482A-974A-6AF3B78D5409}.Release|Any CPU.Build.0 = Release|Any CPU
	EndGlobalSection
	GlobalSection(SolutionProperties) = preSolution
		HideSolutionNode = FALSE
	EndGlobalSection
	GlobalSection(ExtensibilityGlobals) = postSolution
		SolutionGuid = {F81B812B-FB02-401F-8483-488CF218C7ED}
	EndGlobalSection
EndGlobal
